<?xml version="1.0" encoding="utf-8"?>
<Project ToolsVersion="4.0" xmlns="http://schemas.microsoft.com/developer/msbuild/2003">
  <ItemGroup>
    <Filter Include="src">
      <UniqueIdentifier>{2DAB880B-99B4-887C-2230-9F7C8E38947C}</UniqueIdentifier>
    </Filter>
    <Filter Include="src\Sunrise">
      <UniqueIdentifier>{25BA0D1B-916F-8610-1A64-80E786187D14}</UniqueIdentifier>
    </Filter>
    <Filter Include="src\Sunrise\Sunrise">
      <UniqueIdentifier>{1D414E86-89A2-2B94-1210-72467E706253}</UniqueIdentifier>
    </Filter>
    <Filter Include="src\Sunrise\Sunrise\configuration">
      <UniqueIdentifier>{8471CDE3-F0DF-2263-39C9-DD62A57618FF}</UniqueIdentifier>
    </Filter>
    <Filter Include="src\Sunrise\Sunrise\core">
      <UniqueIdentifier>{B52B8F8D-A150-DE0D-CA9B-C39DB61FDD2B}</UniqueIdentifier>
    </Filter>
    <Filter Include="src\Sunrise\Sunrise\debuging">
      <UniqueIdentifier>{D1B97C9A-BD74-6C46-662C-E59052C6B6D6}</UniqueIdentifier>
    </Filter>
    <Filter Include="src\Sunrise\Sunrise\fileFormats">
      <UniqueIdentifier>{68F68DC4-D4D9-9C04-DDDC-CA40493F6355}</UniqueIdentifier>
    </Filter>
    <Filter Include="src\Sunrise\Sunrise\fileFormats\binary">
      <UniqueIdentifier>{DC7070CF-C8C2-47BF-B1E1-84CF9DD260A8}</UniqueIdentifier>
    </Filter>
    <Filter Include="src\Sunrise\Sunrise\fileSystem">
      <UniqueIdentifier>{313B0544-1D61-CFAA-06A7-5476F26BF476}</UniqueIdentifier>
    </Filter>
    <Filter Include="src\Sunrise\Sunrise\graphics">
      <UniqueIdentifier>{1D364845-09F1-37F1-B2A8-B03B9E428281}</UniqueIdentifier>
    </Filter>
    <Filter Include="src\Sunrise\Sunrise\graphics\shaders">
      <UniqueIdentifier>{16C0626D-02A7-2465-ABF7-8A8297BD9DCB}</UniqueIdentifier>
    </Filter>
    <Filter Include="src\Sunrise\Sunrise\graphics\shaders\headers">
      <UniqueIdentifier>{E11C409F-CD2F-40F8-7619-1DE5620BDD45}</UniqueIdentifier>
    </Filter>
    <Filter Include="src\Sunrise\Sunrise\graphics\shaders\headers\lighting">
      <UniqueIdentifier>{A6598915-1276-7B06-DB4D-E8734729E5C7}</UniqueIdentifier>
    </Filter>
    <Filter Include="src\Sunrise\Sunrise\graphics\vulkan">
      <UniqueIdentifier>{1DB55868-896E-C312-12CE-DDEC7E867982}</UniqueIdentifier>
    </Filter>
    <Filter Include="src\Sunrise\Sunrise\graphics\vulkan\GPU Stages">
      <UniqueIdentifier>{3F82EFFA-2B00-4094-14F8-FD2B001582BC}</UniqueIdentifier>
    </Filter>
    <Filter Include="src\Sunrise\Sunrise\graphics\vulkan\generalAbstractions">
      <UniqueIdentifier>{97167765-03FE-615B-0CEC-63D77852051E}</UniqueIdentifier>
    </Filter>
    <Filter Include="src\Sunrise\Sunrise\graphics\vulkan\renderPipelines">
      <UniqueIdentifier>{B59ABCAE-21AC-6455-AAFD-F694160EEE8E}</UniqueIdentifier>
    </Filter>
    <Filter Include="src\Sunrise\Sunrise\graphics\vulkan\renderPipelines\concrete">
      <UniqueIdentifier>{770FA861-637A-686D-0C96-CDD2F8DF2B50}</UniqueIdentifier>
    </Filter>
    <Filter Include="src\Sunrise\Sunrise\graphics\vulkan\renderPipelines\concrete\gpuDriven">
      <UniqueIdentifier>{BA5E75CE-A660-B9DE-8FE3-AFD77B84B483}</UniqueIdentifier>
    </Filter>
    <Filter Include="src\Sunrise\Sunrise\graphics\vulkan\renderer">
      <UniqueIdentifier>{83A5EC37-6FB8-EC90-18A2-C97D049489DE}</UniqueIdentifier>
    </Filter>
    <Filter Include="src\Sunrise\Sunrise\graphics\vulkan\resources">
      <UniqueIdentifier>{E7C22ED1-5333-314A-1C52-ABD28881694B}</UniqueIdentifier>
    </Filter>
    <Filter Include="src\Sunrise\Sunrise\math">
      <UniqueIdentifier>{366C948D-2291-E30D-4BDC-C89D3760E22B}</UniqueIdentifier>
    </Filter>
    <Filter Include="src\Sunrise\Sunrise\math\mesh">
      <UniqueIdentifier>{D27FBE98-3E98-A5C2-0745-355C731C3A5C}</UniqueIdentifier>
    </Filter>
    <Filter Include="src\Sunrise\Sunrise\math\paths">
      <UniqueIdentifier>{C596C2B0-B1BC-8C17-9A02-12E386C7B1E3}</UniqueIdentifier>
    </Filter>
    <Filter Include="src\Sunrise\Sunrise\memory">
      <UniqueIdentifier>{050AA544-F119-5115-5AD3-B533460240AE}</UniqueIdentifier>
    </Filter>
    <Filter Include="src\Sunrise\Sunrise\scene">
      <UniqueIdentifier>{1A608F40-8622-C3CA-CFD2-51573BD49BA8}</UniqueIdentifier>
    </Filter>
    <Filter Include="src\Sunrise\Sunrise\world">
      <UniqueIdentifier>{B48DDE40-2050-12CB-6900-A157D501EBA8}</UniqueIdentifier>
    </Filter>
    <Filter Include="src\Sunrise\Sunrise\world\date+Time">
      <UniqueIdentifier>{FB3A17D7-67F4-8181-F053-9C5B5C0C38F1}</UniqueIdentifier>
    </Filter>
    <Filter Include="src\Sunrise\Sunrise\world\materials">
      <UniqueIdentifier>{A56187F4-111B-F29E-9A7A-0C790633A80E}</UniqueIdentifier>
    </Filter>
    <Filter Include="src\Sunrise\Sunrise\world\terrain">
      <UniqueIdentifier>{38BDFCE5-A42B-5265-ED14-0D6559C24701}</UniqueIdentifier>
    </Filter>
    <Filter Include="vendor">
      <UniqueIdentifier>{B3738122-9F15-ACF8-88D0-BF4C74113349}</UniqueIdentifier>
    </Filter>
    <Filter Include="vendor\imgui">
      <UniqueIdentifier>{5D3BD0F0-499E-5F95-F223-984BDE652B18}</UniqueIdentifier>
    </Filter>
    <Filter Include="vendor\imgui\backends">
      <UniqueIdentifier>{27CEAEAF-933A-6AAA-5C2E-0208C8598C12}</UniqueIdentifier>
    </Filter>
  </ItemGroup>
  <ItemGroup>
    <ClInclude Include="src\Sunrise.h">
      <Filter>src</Filter>
    </ClInclude>
    <ClInclude Include="src\Sunrise\Sunrise\Math.h">
      <Filter>src\Sunrise\Sunrise</Filter>
    </ClInclude>
    <ClInclude Include="src\Sunrise\Sunrise\configuration\ConfigSystem.h">
      <Filter>src\Sunrise\Sunrise\configuration</Filter>
    </ClInclude>
    <ClInclude Include="src\Sunrise\Sunrise\core\Application.h">
      <Filter>src\Sunrise\Sunrise\core</Filter>
    </ClInclude>
    <ClInclude Include="src\Sunrise\Sunrise\core\Engine.h">
      <Filter>src\Sunrise\Sunrise\core</Filter>
    </ClInclude>
    <ClInclude Include="src\Sunrise\Sunrise\core\EntryPoint.h">
      <Filter>src\Sunrise\Sunrise\core</Filter>
    </ClInclude>
    <ClInclude Include="src\Sunrise\Sunrise\core\Log.h">
      <Filter>src\Sunrise\Sunrise\core</Filter>
    </ClInclude>
    <ClInclude Include="src\Sunrise\Sunrise\core\Window.h">
      <Filter>src\Sunrise\Sunrise\core</Filter>
    </ClInclude>
    <ClInclude Include="src\Sunrise\Sunrise\core\core.h">
      <Filter>src\Sunrise\Sunrise\core</Filter>
    </ClInclude>
    <ClInclude Include="src\Sunrise\Sunrise\core\environment.h">
      <Filter>src\Sunrise\Sunrise\core</Filter>
    </ClInclude>
    <ClInclude Include="src\Sunrise\Sunrise\debuging\Instrumentor.h">
      <Filter>src\Sunrise\Sunrise\debuging</Filter>
    </ClInclude>
    <ClInclude Include="src\Sunrise\Sunrise\debuging\VkDebugMarker.h">
      <Filter>src\Sunrise\Sunrise\debuging</Filter>
    </ClInclude>
    <ClInclude Include="src\Sunrise\Sunrise\fileFormats\binary\Bimage.h">
      <Filter>src\Sunrise\Sunrise\fileFormats\binary</Filter>
    </ClInclude>
    <ClInclude Include="src\Sunrise\Sunrise\fileFormats\binary\BinaryFileType.h">
      <Filter>src\Sunrise\Sunrise\fileFormats\binary</Filter>
    </ClInclude>
    <ClInclude Include="src\Sunrise\Sunrise\fileFormats\binary\BinaryMesh.h">
      <Filter>src\Sunrise\Sunrise\fileFormats\binary</Filter>
    </ClInclude>
    <ClInclude Include="src\Sunrise\Sunrise\fileFormats\binary\BinaryMeshAttrributes.h">
      <Filter>src\Sunrise\Sunrise\fileFormats\binary</Filter>
    </ClInclude>
    <ClInclude Include="src\Sunrise\Sunrise\fileSystem\FileManager.h">
      <Filter>src\Sunrise\Sunrise\fileSystem</Filter>
    </ClInclude>
    <ClInclude Include="src\Sunrise\Sunrise\graphics\shaders\headers\base.h">
      <Filter>src\Sunrise\Sunrise\graphics\shaders\headers</Filter>
    </ClInclude>
    <ClInclude Include="src\Sunrise\Sunrise\graphics\shaders\headers\lighting\atmScat.h">
      <Filter>src\Sunrise\Sunrise\graphics\shaders\headers\lighting</Filter>
    </ClInclude>
    <ClInclude Include="src\Sunrise\Sunrise\graphics\shaders\headers\lighting\pbr.h">
      <Filter>src\Sunrise\Sunrise\graphics\shaders\headers\lighting</Filter>
    </ClInclude>
    <ClInclude Include="src\Sunrise\Sunrise\graphics\shaders\headers\math.h">
      <Filter>src\Sunrise\Sunrise\graphics\shaders\headers</Filter>
    </ClInclude>
    <ClInclude Include="src\Sunrise\Sunrise\graphics\vulkan\GPU Stages\GPUComputeStage.h">
      <Filter>src\Sunrise\Sunrise\graphics\vulkan\GPU Stages</Filter>
    </ClInclude>
    <ClInclude Include="src\Sunrise\Sunrise\graphics\vulkan\GPU Stages\GPURenderStage.h">
      <Filter>src\Sunrise\Sunrise\graphics\vulkan\GPU Stages</Filter>
    </ClInclude>
    <ClInclude Include="src\Sunrise\Sunrise\graphics\vulkan\GPU Stages\GPUStageDispatcher.h">
      <Filter>src\Sunrise\Sunrise\graphics\vulkan\GPU Stages</Filter>
    </ClInclude>
    <ClInclude Include="src\Sunrise\Sunrise\graphics\vulkan\GPU Stages\GpuStage.h">
      <Filter>src\Sunrise\Sunrise\graphics\vulkan\GPU Stages</Filter>
    </ClInclude>
    <ClInclude Include="src\Sunrise\Sunrise\graphics\vulkan\GPUStagesRenderPass.h">
      <Filter>src\Sunrise\Sunrise\graphics\vulkan</Filter>
    </ClInclude>
    <ClInclude Include="src\Sunrise\Sunrise\graphics\vulkan\ImguiRenderPassManager.h">
      <Filter>src\Sunrise\Sunrise\graphics\vulkan</Filter>
    </ClInclude>
    <ClInclude Include="src\Sunrise\Sunrise\graphics\vulkan\RenderContext.h">
      <Filter>src\Sunrise\Sunrise\graphics\vulkan</Filter>
    </ClInclude>
    <ClInclude Include="src\Sunrise\Sunrise\graphics\vulkan\RenderPassManager.h">
      <Filter>src\Sunrise\Sunrise\graphics\vulkan</Filter>
    </ClInclude>
    <ClInclude Include="src\Sunrise\Sunrise\graphics\vulkan\SingalPassRenderPassManager.h">
      <Filter>src\Sunrise\Sunrise\graphics\vulkan</Filter>
    </ClInclude>
    <ClInclude Include="src\Sunrise\Sunrise\graphics\vulkan\generalAbstractions\AttributeHelpers.h">
      <Filter>src\Sunrise\Sunrise\graphics\vulkan\generalAbstractions</Filter>
    </ClInclude>
    <ClInclude Include="src\Sunrise\Sunrise\graphics\vulkan\generalAbstractions\Buffer.h">
      <Filter>src\Sunrise\Sunrise\graphics\vulkan\generalAbstractions</Filter>
    </ClInclude>
    <ClInclude Include="src\Sunrise\Sunrise\graphics\vulkan\generalAbstractions\Descriptors.h">
      <Filter>src\Sunrise\Sunrise\graphics\vulkan\generalAbstractions</Filter>
    </ClInclude>
    <ClInclude Include="src\Sunrise\Sunrise\graphics\vulkan\generalAbstractions\GPUSelector.h">
      <Filter>src\Sunrise\Sunrise\graphics\vulkan\generalAbstractions</Filter>
    </ClInclude>
    <ClInclude Include="src\Sunrise\Sunrise\graphics\vulkan\generalAbstractions\Image.h">
      <Filter>src\Sunrise\Sunrise\graphics\vulkan\generalAbstractions</Filter>
    </ClInclude>
    <ClInclude Include="src\Sunrise\Sunrise\graphics\vulkan\generalAbstractions\ResourceHeap.h">
      <Filter>src\Sunrise\Sunrise\graphics\vulkan\generalAbstractions</Filter>
    </ClInclude>
    <ClInclude Include="src\Sunrise\Sunrise\graphics\vulkan\generalAbstractions\Sampler.h">
      <Filter>src\Sunrise\Sunrise\graphics\vulkan\generalAbstractions</Filter>
    </ClInclude>
    <ClInclude Include="src\Sunrise\Sunrise\graphics\vulkan\generalAbstractions\VkAbstractions.h">
      <Filter>src\Sunrise\Sunrise\graphics\vulkan\generalAbstractions</Filter>
    </ClInclude>
    <ClInclude Include="src\Sunrise\Sunrise\graphics\vulkan\generalAbstractions\VkHelpers.h">
      <Filter>src\Sunrise\Sunrise\graphics\vulkan\generalAbstractions</Filter>
    </ClInclude>
    <ClInclude Include="src\Sunrise\Sunrise\graphics\vulkan\generalAbstractions\vk_mem_alloc.h">
      <Filter>src\Sunrise\Sunrise\graphics\vulkan\generalAbstractions</Filter>
    </ClInclude>
    <ClInclude Include="src\Sunrise\Sunrise\graphics\vulkan\renderPipelines\ComputePipeline.h">
      <Filter>src\Sunrise\Sunrise\graphics\vulkan\renderPipelines</Filter>
    </ClInclude>
    <ClInclude Include="src\Sunrise\Sunrise\graphics\vulkan\renderPipelines\GraphicsPipeline.h">
      <Filter>src\Sunrise\Sunrise\graphics\vulkan\renderPipelines</Filter>
    </ClInclude>
    <ClInclude Include="src\Sunrise\Sunrise\graphics\vulkan\renderPipelines\concrete\DeferredPassPipeline.h">
      <Filter>src\Sunrise\Sunrise\graphics\vulkan\renderPipelines\concrete</Filter>
    </ClInclude>
    <ClInclude Include="src\Sunrise\Sunrise\graphics\vulkan\renderPipelines\concrete\TerrainPipeline.h">
      <Filter>src\Sunrise\Sunrise\graphics\vulkan\renderPipelines\concrete</Filter>
    </ClInclude>
    <ClInclude Include="src\Sunrise\Sunrise\graphics\vulkan\renderPipelines\concrete\TrianglePipeline.h">
      <Filter>src\Sunrise\Sunrise\graphics\vulkan\renderPipelines\concrete</Filter>
    </ClInclude>
    <ClInclude Include="src\Sunrise\Sunrise\graphics\vulkan\renderPipelines\concrete\gpuDriven\GPUGenCommandsPipeline.h">
      <Filter>src\Sunrise\Sunrise\graphics\vulkan\renderPipelines\concrete\gpuDriven</Filter>
    </ClInclude>
    <ClInclude Include="src\Sunrise\Sunrise\graphics\vulkan\renderer\MaterialManager.h">
      <Filter>src\Sunrise\Sunrise\graphics\vulkan\renderer</Filter>
    </ClInclude>
    <ClInclude Include="src\Sunrise\Sunrise\graphics\vulkan\renderer\RenderSystem.h">
      <Filter>src\Sunrise\Sunrise\graphics\vulkan\renderer</Filter>
    </ClInclude>
    <ClInclude Include="src\Sunrise\Sunrise\graphics\vulkan\renderer\Renderer.h">
      <Filter>src\Sunrise\Sunrise\graphics\vulkan\renderer</Filter>
    </ClInclude>
    <ClInclude Include="src\Sunrise\Sunrise\graphics\vulkan\renderer\SceneRenderCoordinator.h">
      <Filter>src\Sunrise\Sunrise\graphics\vulkan\renderer</Filter>
    </ClInclude>
    <ClInclude Include="src\Sunrise\Sunrise\graphics\vulkan\resources\MeshBuffers.h">
      <Filter>src\Sunrise\Sunrise\graphics\vulkan\resources</Filter>
    </ClInclude>
    <ClInclude Include="src\Sunrise\Sunrise\graphics\vulkan\resources\ResourceTransferTask.h">
      <Filter>src\Sunrise\Sunrise\graphics\vulkan\resources</Filter>
    </ClInclude>
    <ClInclude Include="src\Sunrise\Sunrise\graphics\vulkan\resources\uniforms.h">
      <Filter>src\Sunrise\Sunrise\graphics\vulkan\resources</Filter>
    </ClInclude>
    <ClInclude Include="src\Sunrise\Sunrise\math\Box.h">
      <Filter>src\Sunrise\Sunrise\math</Filter>
    </ClInclude>
    <ClInclude Include="src\Sunrise\Sunrise\math\FrustrumMath.h">
      <Filter>src\Sunrise\Sunrise\math</Filter>
    </ClInclude>
    <ClInclude Include="src\Sunrise\Sunrise\math\mesh\Mesh.h">
      <Filter>src\Sunrise\Sunrise\math\mesh</Filter>
    </ClInclude>
    <ClInclude Include="src\Sunrise\Sunrise\math\mesh\MeshRendering.h">
      <Filter>src\Sunrise\Sunrise\math\mesh</Filter>
    </ClInclude>
    <ClInclude Include="src\Sunrise\Sunrise\math\mesh\Triangulation.h">
      <Filter>src\Sunrise\Sunrise\math\mesh</Filter>
    </ClInclude>
    <ClInclude Include="src\Sunrise\Sunrise\math\paths\Bezier.h">
      <Filter>src\Sunrise\Sunrise\math\paths</Filter>
    </ClInclude>
    <ClInclude Include="src\Sunrise\Sunrise\math\paths\Path.h">
      <Filter>src\Sunrise\Sunrise\math\paths</Filter>
    </ClInclude>
    <ClInclude Include="src\Sunrise\Sunrise\memory.h">
      <Filter>src\Sunrise\Sunrise</Filter>
    </ClInclude>
    <ClInclude Include="src\Sunrise\Sunrise\memory\IndexAllocator.h">
      <Filter>src\Sunrise\Sunrise\memory</Filter>
    </ClInclude>
    <ClInclude Include="src\Sunrise\Sunrise\memory\VaribleIndexAllocator.h">
      <Filter>src\Sunrise\Sunrise\memory</Filter>
    </ClInclude>
    <ClInclude Include="src\Sunrise\Sunrise\scene\Camera.h">
      <Filter>src\Sunrise\Sunrise\scene</Filter>
    </ClInclude>
    <ClInclude Include="src\Sunrise\Sunrise\scene\Scene.h">
      <Filter>src\Sunrise\Sunrise\scene</Filter>
    </ClInclude>
    <ClInclude Include="src\Sunrise\Sunrise\scene\Transform.h">
      <Filter>src\Sunrise\Sunrise\scene</Filter>
    </ClInclude>
    <ClInclude Include="src\Sunrise\Sunrise\world\CameraSystem.h">
      <Filter>src\Sunrise\Sunrise\world</Filter>
    </ClInclude>
    <ClInclude Include="src\Sunrise\Sunrise\world\FloatingOriginSystem.h">
      <Filter>src\Sunrise\Sunrise\world</Filter>
    </ClInclude>
    <ClInclude Include="src\Sunrise\Sunrise\world\WorldScene.h">
      <Filter>src\Sunrise\Sunrise\world</Filter>
    </ClInclude>
    <ClInclude Include="src\Sunrise\Sunrise\world\date+Time\WorldClock.h">
      <Filter>src\Sunrise\Sunrise\world\date+Time</Filter>
    </ClInclude>
    <ClInclude Include="src\Sunrise\Sunrise\world\materials\StaticMaterialTable.h">
      <Filter>src\Sunrise\Sunrise\world\materials</Filter>
    </ClInclude>
    <ClInclude Include="src\Sunrise\Sunrise\world\terrain\TerrainMeshLoader.h">
      <Filter>src\Sunrise\Sunrise\world\terrain</Filter>
    </ClInclude>
    <ClInclude Include="src\Sunrise\Sunrise\world\terrain\TerrainQuadTree.h">
      <Filter>src\Sunrise\Sunrise\world\terrain</Filter>
    </ClInclude>
    <ClInclude Include="src\Sunrise\Sunrise\world\terrain\TerrainQuadTreeNode.h">
      <Filter>src\Sunrise\Sunrise\world\terrain</Filter>
    </ClInclude>
    <ClInclude Include="src\Sunrise\Sunrise\world\terrain\TerrainSystem.h">
      <Filter>src\Sunrise\Sunrise\world\terrain</Filter>
    </ClInclude>
    <ClInclude Include="src\srpch.h">
      <Filter>src</Filter>
    </ClInclude>
    <ClInclude Include="MeshPrimatives.h" />
    <ClInclude Include="src\Sunrise\Sunrise\graphics\vulkan\ComposableRenderPass.h" />
  </ItemGroup>
  <ItemGroup>
    <ClCompile Include="src\Sunrise\Sunrise\configuration\ConfigSystem.cpp">
      <Filter>src\Sunrise\Sunrise\configuration</Filter>
    </ClCompile>
    <ClCompile Include="src\Sunrise\Sunrise\core\Application.cpp">
      <Filter>src\Sunrise\Sunrise\core</Filter>
    </ClCompile>
    <ClCompile Include="src\Sunrise\Sunrise\core\Engine.cpp">
      <Filter>src\Sunrise\Sunrise\core</Filter>
    </ClCompile>
    <ClCompile Include="src\Sunrise\Sunrise\core\Log.cpp">
      <Filter>src\Sunrise\Sunrise\core</Filter>
    </ClCompile>
    <ClCompile Include="src\Sunrise\Sunrise\core\Window.cpp">
      <Filter>src\Sunrise\Sunrise\core</Filter>
    </ClCompile>
    <ClCompile Include="src\Sunrise\Sunrise\debuging\VkDebugMarker.cpp">
      <Filter>src\Sunrise\Sunrise\debuging</Filter>
    </ClCompile>
    <ClCompile Include="src\Sunrise\Sunrise\fileFormats\binary\Bimage.cpp">
      <Filter>src\Sunrise\Sunrise\fileFormats\binary</Filter>
    </ClCompile>
    <ClCompile Include="src\Sunrise\Sunrise\fileFormats\binary\BinaryFileType.cpp">
      <Filter>src\Sunrise\Sunrise\fileFormats\binary</Filter>
    </ClCompile>
    <ClCompile Include="src\Sunrise\Sunrise\fileFormats\binary\BinaryMesh.cpp">
      <Filter>src\Sunrise\Sunrise\fileFormats\binary</Filter>
    </ClCompile>
    <ClCompile Include="src\Sunrise\Sunrise\fileFormats\binary\BinaryMeshAttrributes.cpp">
      <Filter>src\Sunrise\Sunrise\fileFormats\binary</Filter>
    </ClCompile>
    <ClCompile Include="src\Sunrise\Sunrise\fileSystem\FileManager.cpp">
      <Filter>src\Sunrise\Sunrise\fileSystem</Filter>
    </ClCompile>
    <ClCompile Include="src\Sunrise\Sunrise\graphics\vulkan\GPU Stages\GPUComputeStage.cpp">
      <Filter>src\Sunrise\Sunrise\graphics\vulkan\GPU Stages</Filter>
    </ClCompile>
    <ClCompile Include="src\Sunrise\Sunrise\graphics\vulkan\GPU Stages\GPURenderStage.cpp">
      <Filter>src\Sunrise\Sunrise\graphics\vulkan\GPU Stages</Filter>
    </ClCompile>
    <ClCompile Include="src\Sunrise\Sunrise\graphics\vulkan\GPU Stages\GPUStageDispatcher.cpp">
      <Filter>src\Sunrise\Sunrise\graphics\vulkan\GPU Stages</Filter>
    </ClCompile>
    <ClCompile Include="src\Sunrise\Sunrise\graphics\vulkan\GPU Stages\GpuStage.cpp">
      <Filter>src\Sunrise\Sunrise\graphics\vulkan\GPU Stages</Filter>
    </ClCompile>
    <ClCompile Include="src\Sunrise\Sunrise\graphics\vulkan\GPUStagesRenderPass.cpp">
      <Filter>src\Sunrise\Sunrise\graphics\vulkan</Filter>
    </ClCompile>
    <ClCompile Include="src\Sunrise\Sunrise\graphics\vulkan\ImguiRenderPassManager.cpp">
      <Filter>src\Sunrise\Sunrise\graphics\vulkan</Filter>
    </ClCompile>
    <ClCompile Include="src\Sunrise\Sunrise\graphics\vulkan\RenderPassManager.cpp">
      <Filter>src\Sunrise\Sunrise\graphics\vulkan</Filter>
    </ClCompile>
    <ClCompile Include="src\Sunrise\Sunrise\graphics\vulkan\SingalPassRenderPassManager.cpp">
      <Filter>src\Sunrise\Sunrise\graphics\vulkan</Filter>
    </ClCompile>
    <ClCompile Include="src\Sunrise\Sunrise\graphics\vulkan\generalAbstractions\AttributeHelpers.cpp">
      <Filter>src\Sunrise\Sunrise\graphics\vulkan\generalAbstractions</Filter>
    </ClCompile>
    <ClCompile Include="src\Sunrise\Sunrise\graphics\vulkan\generalAbstractions\Buffer.cpp">
      <Filter>src\Sunrise\Sunrise\graphics\vulkan\generalAbstractions</Filter>
    </ClCompile>
    <ClCompile Include="src\Sunrise\Sunrise\graphics\vulkan\generalAbstractions\Descriptors.cpp">
      <Filter>src\Sunrise\Sunrise\graphics\vulkan\generalAbstractions</Filter>
    </ClCompile>
    <ClCompile Include="src\Sunrise\Sunrise\graphics\vulkan\generalAbstractions\GPUSelector.cpp">
      <Filter>src\Sunrise\Sunrise\graphics\vulkan\generalAbstractions</Filter>
    </ClCompile>
    <ClCompile Include="src\Sunrise\Sunrise\graphics\vulkan\generalAbstractions\Image.cpp">
      <Filter>src\Sunrise\Sunrise\graphics\vulkan\generalAbstractions</Filter>
    </ClCompile>
    <ClCompile Include="src\Sunrise\Sunrise\graphics\vulkan\generalAbstractions\ResourceHeap.cpp">
      <Filter>src\Sunrise\Sunrise\graphics\vulkan\generalAbstractions</Filter>
    </ClCompile>
    <ClCompile Include="src\Sunrise\Sunrise\graphics\vulkan\generalAbstractions\Sampler.cpp">
      <Filter>src\Sunrise\Sunrise\graphics\vulkan\generalAbstractions</Filter>
    </ClCompile>
    <ClCompile Include="src\Sunrise\Sunrise\graphics\vulkan\generalAbstractions\VkHelpers.cpp">
      <Filter>src\Sunrise\Sunrise\graphics\vulkan\generalAbstractions</Filter>
    </ClCompile>
    <ClCompile Include="src\Sunrise\Sunrise\graphics\vulkan\generalAbstractions\vma.cpp">
      <Filter>src\Sunrise\Sunrise\graphics\vulkan\generalAbstractions</Filter>
    </ClCompile>
    <ClCompile Include="src\Sunrise\Sunrise\graphics\vulkan\generalAbstractions\vmaSettings.cpp">
      <Filter>src\Sunrise\Sunrise\graphics\vulkan\generalAbstractions</Filter>
    </ClCompile>
    <ClCompile Include="src\Sunrise\Sunrise\graphics\vulkan\renderPipelines\ComputePipeline.cpp">
      <Filter>src\Sunrise\Sunrise\graphics\vulkan\renderPipelines</Filter>
    </ClCompile>
    <ClCompile Include="src\Sunrise\Sunrise\graphics\vulkan\renderPipelines\GraphicsPipeline.cpp">
      <Filter>src\Sunrise\Sunrise\graphics\vulkan\renderPipelines</Filter>
    </ClCompile>
    <ClCompile Include="src\Sunrise\Sunrise\graphics\vulkan\renderPipelines\concrete\DeferredPassPipeline.cpp">
      <Filter>src\Sunrise\Sunrise\graphics\vulkan\renderPipelines\concrete</Filter>
    </ClCompile>
    <ClCompile Include="src\Sunrise\Sunrise\graphics\vulkan\renderPipelines\concrete\TerrainPipeline.cpp">
      <Filter>src\Sunrise\Sunrise\graphics\vulkan\renderPipelines\concrete</Filter>
    </ClCompile>
    <ClCompile Include="src\Sunrise\Sunrise\graphics\vulkan\renderPipelines\concrete\TrianglePipeline.cpp">
      <Filter>src\Sunrise\Sunrise\graphics\vulkan\renderPipelines\concrete</Filter>
    </ClCompile>
    <ClCompile Include="src\Sunrise\Sunrise\graphics\vulkan\renderPipelines\concrete\gpuDriven\GPUGenCommandsPipeline.cpp">
      <Filter>src\Sunrise\Sunrise\graphics\vulkan\renderPipelines\concrete\gpuDriven</Filter>
    </ClCompile>
    <ClCompile Include="src\Sunrise\Sunrise\graphics\vulkan\renderer\MaterialManager.cpp">
      <Filter>src\Sunrise\Sunrise\graphics\vulkan\renderer</Filter>
    </ClCompile>
    <ClCompile Include="src\Sunrise\Sunrise\graphics\vulkan\renderer\RenderSystem.cpp">
      <Filter>src\Sunrise\Sunrise\graphics\vulkan\renderer</Filter>
    </ClCompile>
    <ClCompile Include="src\Sunrise\Sunrise\graphics\vulkan\renderer\Renderer.cpp">
      <Filter>src\Sunrise\Sunrise\graphics\vulkan\renderer</Filter>
    </ClCompile>
    <ClCompile Include="src\Sunrise\Sunrise\graphics\vulkan\renderer\SceneRenderCoordinator.cpp">
      <Filter>src\Sunrise\Sunrise\graphics\vulkan\renderer</Filter>
    </ClCompile>
    <ClCompile Include="src\Sunrise\Sunrise\graphics\vulkan\resources\MeshBuffers.cpp">
      <Filter>src\Sunrise\Sunrise\graphics\vulkan\resources</Filter>
    </ClCompile>
    <ClCompile Include="src\Sunrise\Sunrise\graphics\vulkan\resources\ResourceTransferTask.cpp">
      <Filter>src\Sunrise\Sunrise\graphics\vulkan\resources</Filter>
    </ClCompile>
    <ClCompile Include="src\Sunrise\Sunrise\graphics\vulkan\resources\uniforms.cpp">
      <Filter>src\Sunrise\Sunrise\graphics\vulkan\resources</Filter>
    </ClCompile>
    <ClCompile Include="src\Sunrise\Sunrise\math\Box.cpp">
      <Filter>src\Sunrise\Sunrise\math</Filter>
    </ClCompile>
    <ClCompile Include="src\Sunrise\Sunrise\math\FrustrumMath.cpp">
      <Filter>src\Sunrise\Sunrise\math</Filter>
    </ClCompile>
    <ClCompile Include="src\Sunrise\Sunrise\math\Math.cpp">
      <Filter>src\Sunrise\Sunrise\math</Filter>
    </ClCompile>
    <ClCompile Include="src\Sunrise\Sunrise\math\mesh\Mesh.cpp">
      <Filter>src\Sunrise\Sunrise\math\mesh</Filter>
    </ClCompile>
    <ClCompile Include="src\Sunrise\Sunrise\math\mesh\MeshRendering.cpp">
      <Filter>src\Sunrise\Sunrise\math\mesh</Filter>
    </ClCompile>
    <ClCompile Include="src\Sunrise\Sunrise\math\mesh\Triangulation.cpp">
      <Filter>src\Sunrise\Sunrise\math\mesh</Filter>
    </ClCompile>
    <ClCompile Include="src\Sunrise\Sunrise\math\paths\Bezier.cpp">
      <Filter>src\Sunrise\Sunrise\math\paths</Filter>
    </ClCompile>
    <ClCompile Include="src\Sunrise\Sunrise\math\paths\Path.cpp">
      <Filter>src\Sunrise\Sunrise\math\paths</Filter>
    </ClCompile>
    <ClCompile Include="src\Sunrise\Sunrise\memory\IndexAllocator.cpp">
      <Filter>src\Sunrise\Sunrise\memory</Filter>
    </ClCompile>
    <ClCompile Include="src\Sunrise\Sunrise\memory\VaribleIndexAllocator.cpp">
      <Filter>src\Sunrise\Sunrise\memory</Filter>
    </ClCompile>
    <ClCompile Include="src\Sunrise\Sunrise\scene\Camera.cpp">
      <Filter>src\Sunrise\Sunrise\scene</Filter>
    </ClCompile>
    <ClCompile Include="src\Sunrise\Sunrise\scene\Scene.cpp">
      <Filter>src\Sunrise\Sunrise\scene</Filter>
    </ClCompile>
    <ClCompile Include="src\Sunrise\Sunrise\scene\Transform.cpp">
      <Filter>src\Sunrise\Sunrise\scene</Filter>
    </ClCompile>
    <ClCompile Include="src\Sunrise\Sunrise\world\CameraSystem.cpp">
      <Filter>src\Sunrise\Sunrise\world</Filter>
    </ClCompile>
    <ClCompile Include="src\Sunrise\Sunrise\world\FloatingOriginSystem.cpp">
      <Filter>src\Sunrise\Sunrise\world</Filter>
    </ClCompile>
    <ClCompile Include="src\Sunrise\Sunrise\world\WorldScene.cpp">
      <Filter>src\Sunrise\Sunrise\world</Filter>
    </ClCompile>
    <ClCompile Include="src\Sunrise\Sunrise\world\date+Time\WorldClock.cpp">
      <Filter>src\Sunrise\Sunrise\world\date+Time</Filter>
    </ClCompile>
    <ClCompile Include="src\Sunrise\Sunrise\world\materials\StaticMaterialTable.cpp">
      <Filter>src\Sunrise\Sunrise\world\materials</Filter>
    </ClCompile>
    <ClCompile Include="src\Sunrise\Sunrise\world\terrain\TerrainMeshLoader.cpp">
      <Filter>src\Sunrise\Sunrise\world\terrain</Filter>
    </ClCompile>
    <ClCompile Include="src\Sunrise\Sunrise\world\terrain\TerrainQuadTree.cpp">
      <Filter>src\Sunrise\Sunrise\world\terrain</Filter>
    </ClCompile>
    <ClCompile Include="src\Sunrise\Sunrise\world\terrain\TerrainQuadTreeNode.cpp">
      <Filter>src\Sunrise\Sunrise\world\terrain</Filter>
    </ClCompile>
    <ClCompile Include="src\Sunrise\Sunrise\world\terrain\TerrainSystem.cpp">
      <Filter>src\Sunrise\Sunrise\world\terrain</Filter>
    </ClCompile>
    <ClCompile Include="src\srpch.cpp">
      <Filter>src</Filter>
    </ClCompile>
    <ClCompile Include="vendor\imgui\backends\imgui_impl_glfw.cpp">
      <Filter>vendor\imgui\backends</Filter>
    </ClCompile>
    <ClCompile Include="vendor\imgui\backends\imgui_impl_vulkan.cpp">
      <Filter>vendor\imgui\backends</Filter>
    </ClCompile>
    <ClCompile Include="vendor\imgui\imgui.cpp">
      <Filter>vendor\imgui</Filter>
    </ClCompile>
    <ClCompile Include="vendor\imgui\imgui_demo.cpp">
      <Filter>vendor\imgui</Filter>
    </ClCompile>
    <ClCompile Include="vendor\imgui\imgui_draw.cpp">
      <Filter>vendor\imgui</Filter>
    </ClCompile>
    <ClCompile Include="vendor\imgui\imgui_tables.cpp">
      <Filter>vendor\imgui</Filter>
    </ClCompile>
    <ClCompile Include="vendor\imgui\imgui_widgets.cpp">
      <Filter>vendor\imgui</Filter>
    </ClCompile>
    <ClCompile Include="MeshPrimatives.cpp" />
    <ClCompile Include="src\Sunrise\Sunrise\graphics\vulkan\ComposableRenderPass.cpp" />
  </ItemGroup>
</Project>